// !$*UTF8*$!
{
	archiveVersion = 1;
	classes = {
	};
	objectVersion = 46;
	objects = {

/* Begin PBXBuildFile section */
		692C4812E63DAA6D795E2FCC /* libPods.a in Frameworks */ = {isa = PBXBuildFile; fileRef = 8E05F6E55AB88E9CBFBD6521 /* libPods.a */; };
		D501ABB619E3B07100DEA60A /* PDUITableViewController.m in Sources */ = {isa = PBXBuildFile; fileRef = D501ABB519E3B07100DEA60A /* PDUITableViewController.m */; };
		D501ABC119E3B9DC00DEA60A /* Default-568h@2x.png in Resources */ = {isa = PBXBuildFile; fileRef = D501ABBF19E3B9DC00DEA60A /* Default-568h@2x.png */; };
		D501ABC219E3B9DC00DEA60A /* Default@2x.png in Resources */ = {isa = PBXBuildFile; fileRef = D501ABC019E3B9DC00DEA60A /* Default@2x.png */; };
		D5052E9119E39A0C00F7646A /* main.m in Sources */ = {isa = PBXBuildFile; fileRef = D5052E9019E39A0C00F7646A /* main.m */; };
		D5052E9419E39A0C00F7646A /* AppDelegate.m in Sources */ = {isa = PBXBuildFile; fileRef = D5052E9319E39A0C00F7646A /* AppDelegate.m */; };
		D5052E9A19E39A0C00F7646A /* Main.storyboard in Resources */ = {isa = PBXBuildFile; fileRef = D5052E9819E39A0C00F7646A /* Main.storyboard */; };
		D5052E9C19E39A0C00F7646A /* Images.xcassets in Resources */ = {isa = PBXBuildFile; fileRef = D5052E9B19E39A0C00F7646A /* Images.xcassets */; };
		D5052E9F19E39A0C00F7646A /* LaunchScreen.xib in Resources */ = {isa = PBXBuildFile; fileRef = D5052E9D19E39A0C00F7646A /* LaunchScreen.xib */; };
		D5052EAB19E39A0C00F7646A /* Paratips_iOSTests.m in Sources */ = {isa = PBXBuildFile; fileRef = D5052EAA19E39A0C00F7646A /* Paratips_iOSTests.m */; };
		D543729A19E7914100272F80 /* PDCoreAudioViewController.m in Sources */ = {isa = PBXBuildFile; fileRef = D543729919E7914100272F80 /* PDCoreAudioViewController.m */; };
		D543729E19E7970500272F80 /* PDIPodLibraryViewController.m in Sources */ = {isa = PBXBuildFile; fileRef = D543729D19E7970500272F80 /* PDIPodLibraryViewController.m */; };
		D548DDBB19E3A01E00A8785A /* PDMasterViewController.m in Sources */ = {isa = PBXBuildFile; fileRef = D548DDB619E3A01E00A8785A /* PDMasterViewController.m */; };
		D548DDBC19E3A01E00A8785A /* PDUIKitViewController.m in Sources */ = {isa = PBXBuildFile; fileRef = D548DDB919E3A01E00A8785A /* PDUIKitViewController.m */; };
/* End PBXBuildFile section */

/* Begin PBXContainerItemProxy section */
		D5052EA519E39A0C00F7646A /* PBXContainerItemProxy */ = {
			isa = PBXContainerItemProxy;
			containerPortal = D5052E8319E39A0B00F7646A /* Project object */;
			proxyType = 1;
			remoteGlobalIDString = D5052E8A19E39A0C00F7646A;
			remoteInfo = Paratips_iOS;
		};
/* End PBXContainerItemProxy section */

/* Begin PBXFileReference section */
		6833C72C8096C441642FE1C8 /* Pods.debug.xcconfig */ = {isa = PBXFileReference; includeInIndex = 1; lastKnownFileType = text.xcconfig; name = Pods.debug.xcconfig; path = "Pods/Target Support Files/Pods/Pods.debug.xcconfig"; sourceTree = "<group>"; };
		8E05F6E55AB88E9CBFBD6521 /* libPods.a */ = {isa = PBXFileReference; explicitFileType = archive.ar; includeInIndex = 0; path = libPods.a; sourceTree = BUILT_PRODUCTS_DIR; };
		D1054F2641942EE3F1B02B9B /* Pods.release.xcconfig */ = {isa = PBXFileReference; includeInIndex = 1; lastKnownFileType = text.xcconfig; name = Pods.release.xcconfig; path = "Pods/Target Support Files/Pods/Pods.release.xcconfig"; sourceTree = "<group>"; };
		D501ABB419E3B07100DEA60A /* PDUITableViewController.h */ = {isa = PBXFileReference; fileEncoding = 4; lastKnownFileType = sourcecode.c.h; path = PDUITableViewController.h; sourceTree = "<group>"; };
		D501ABB519E3B07100DEA60A /* PDUITableViewController.m */ = {isa = PBXFileReference; fileEncoding = 4; lastKnownFileType = sourcecode.c.objc; path = PDUITableViewController.m; sourceTree = "<group>"; };
		D501ABBF19E3B9DC00DEA60A /* Default-568h@2x.png */ = {isa = PBXFileReference; lastKnownFileType = image.png; path = "Default-568h@2x.png"; sourceTree = "<group>"; };
		D501ABC019E3B9DC00DEA60A /* Default@2x.png */ = {isa = PBXFileReference; lastKnownFileType = image.png; path = "Default@2x.png"; sourceTree = "<group>"; };
		D5052E8B19E39A0C00F7646A /* Paratips_iOS.app */ = {isa = PBXFileReference; explicitFileType = wrapper.application; includeInIndex = 0; path = Paratips_iOS.app; sourceTree = BUILT_PRODUCTS_DIR; };
		D5052E8F19E39A0C00F7646A /* Info.plist */ = {isa = PBXFileReference; lastKnownFileType = text.plist.xml; path = Info.plist; sourceTree = "<group>"; };
		D5052E9019E39A0C00F7646A /* main.m */ = {isa = PBXFileReference; lastKnownFileType = sourcecode.c.objc; path = main.m; sourceTree = "<group>"; };
		D5052E9219E39A0C00F7646A /* AppDelegate.h */ = {isa = PBXFileReference; lastKnownFileType = sourcecode.c.h; path = AppDelegate.h; sourceTree = "<group>"; };
		D5052E9319E39A0C00F7646A /* AppDelegate.m */ = {isa = PBXFileReference; lastKnownFileType = sourcecode.c.objc; path = AppDelegate.m; sourceTree = "<group>"; };
		D5052E9919E39A0C00F7646A /* Base */ = {isa = PBXFileReference; lastKnownFileType = file.storyboard; name = Base; path = Base.lproj/Main.storyboard; sourceTree = "<group>"; };
		D5052E9B19E39A0C00F7646A /* Images.xcassets */ = {isa = PBXFileReference; lastKnownFileType = folder.assetcatalog; path = Images.xcassets; sourceTree = "<group>"; };
		D5052E9E19E39A0C00F7646A /* Base */ = {isa = PBXFileReference; lastKnownFileType = file.xib; name = Base; path = Base.lproj/LaunchScreen.xib; sourceTree = "<group>"; };
		D5052EA419E39A0C00F7646A /* Paratips_iOSTests.xctest */ = {isa = PBXFileReference; explicitFileType = wrapper.cfbundle; includeInIndex = 0; path = Paratips_iOSTests.xctest; sourceTree = BUILT_PRODUCTS_DIR; };
		D5052EA919E39A0C00F7646A /* Info.plist */ = {isa = PBXFileReference; lastKnownFileType = text.plist.xml; path = Info.plist; sourceTree = "<group>"; };
		D5052EAA19E39A0C00F7646A /* Paratips_iOSTests.m */ = {isa = PBXFileReference; lastKnownFileType = sourcecode.c.objc; path = Paratips_iOSTests.m; sourceTree = "<group>"; };
		D543729819E7914100272F80 /* PDCoreAudioViewController.h */ = {isa = PBXFileReference; fileEncoding = 4; lastKnownFileType = sourcecode.c.h; path = PDCoreAudioViewController.h; sourceTree = "<group>"; };
		D543729919E7914100272F80 /* PDCoreAudioViewController.m */ = {isa = PBXFileReference; fileEncoding = 4; lastKnownFileType = sourcecode.c.objc; path = PDCoreAudioViewController.m; sourceTree = "<group>"; };
		D543729C19E7970500272F80 /* PDIPodLibraryViewController.h */ = {isa = PBXFileReference; fileEncoding = 4; lastKnownFileType = sourcecode.c.h; path = PDIPodLibraryViewController.h; sourceTree = "<group>"; };
		D543729D19E7970500272F80 /* PDIPodLibraryViewController.m */ = {isa = PBXFileReference; fileEncoding = 4; lastKnownFileType = sourcecode.c.objc; path = PDIPodLibraryViewController.m; sourceTree = "<group>"; };
		D548DDB519E3A01E00A8785A /* PDMasterViewController.h */ = {isa = PBXFileReference; fileEncoding = 4; lastKnownFileType = sourcecode.c.h; name = PDMasterViewController.h; path = ViewControllers/PDMasterViewController.h; sourceTree = "<group>"; };
		D548DDB619E3A01E00A8785A /* PDMasterViewController.m */ = {isa = PBXFileReference; fileEncoding = 4; lastKnownFileType = sourcecode.c.objc; name = PDMasterViewController.m; path = ViewControllers/PDMasterViewController.m; sourceTree = "<group>"; };
		D548DDB819E3A01E00A8785A /* PDUIKitViewController.h */ = {isa = PBXFileReference; fileEncoding = 4; lastKnownFileType = sourcecode.c.h; path = PDUIKitViewController.h; sourceTree = "<group>"; };
		D548DDB919E3A01E00A8785A /* PDUIKitViewController.m */ = {isa = PBXFileReference; fileEncoding = 4; lastKnownFileType = sourcecode.c.objc; path = PDUIKitViewController.m; sourceTree = "<group>"; };
/* End PBXFileReference section */

/* Begin PBXFrameworksBuildPhase section */
		D5052E8819E39A0C00F7646A /* Frameworks */ = {
			isa = PBXFrameworksBuildPhase;
			buildActionMask = 2147483647;
			files = (
				692C4812E63DAA6D795E2FCC /* libPods.a in Frameworks */,
			);
			runOnlyForDeploymentPostprocessing = 0;
		};
		D5052EA119E39A0C00F7646A /* Frameworks */ = {
			isa = PBXFrameworksBuildPhase;
			buildActionMask = 2147483647;
			files = (
			);
			runOnlyForDeploymentPostprocessing = 0;
		};
/* End PBXFrameworksBuildPhase section */

/* Begin PBXGroup section */
		63EB0D12A305D03AF481D6EA /* Frameworks */ = {
			isa = PBXGroup;
			children = (
				8E05F6E55AB88E9CBFBD6521 /* libPods.a */,
			);
			name = Frameworks;
			sourceTree = "<group>";
		};
		6E5C1D82892DFA47FC29AEAB /* Pods */ = {
			isa = PBXGroup;
			children = (
				6833C72C8096C441642FE1C8 /* Pods.debug.xcconfig */,
				D1054F2641942EE3F1B02B9B /* Pods.release.xcconfig */,
			);
			name = Pods;
			sourceTree = "<group>";
		};
		D501ABB319E3AC9200DEA60A /* UITableView */ = {
			isa = PBXGroup;
			children = (
				D501ABB419E3B07100DEA60A /* PDUITableViewController.h */,
				D501ABB519E3B07100DEA60A /* PDUITableViewController.m */,
			);
			path = UITableView;
			sourceTree = "<group>";
		};
		D501ABBD19E3B9DC00DEA60A /* Resources */ = {
			isa = PBXGroup;
			children = (
				D501ABBE19E3B9DC00DEA60A /* launchImage */,
			);
			path = Resources;
			sourceTree = "<group>";
		};
		D501ABBE19E3B9DC00DEA60A /* launchImage */ = {
			isa = PBXGroup;
			children = (
				D501ABBF19E3B9DC00DEA60A /* Default-568h@2x.png */,
				D501ABC019E3B9DC00DEA60A /* Default@2x.png */,
			);
			path = launchImage;
			sourceTree = "<group>";
		};
		D5052E8219E39A0B00F7646A = {
			isa = PBXGroup;
			children = (
				D5052E8D19E39A0C00F7646A /* Paratips_iOS */,
				D5052EA719E39A0C00F7646A /* Paratips_iOSTests */,
				D5052E8C19E39A0C00F7646A /* Products */,
				6E5C1D82892DFA47FC29AEAB /* Pods */,
				63EB0D12A305D03AF481D6EA /* Frameworks */,
			);
			sourceTree = "<group>";
		};
		D5052E8C19E39A0C00F7646A /* Products */ = {
			isa = PBXGroup;
			children = (
				D5052E8B19E39A0C00F7646A /* Paratips_iOS.app */,
				D5052EA419E39A0C00F7646A /* Paratips_iOSTests.xctest */,
			);
			name = Products;
			sourceTree = "<group>";
		};
		D5052E8D19E39A0C00F7646A /* Paratips_iOS */ = {
			isa = PBXGroup;
			children = (
				D501ABBD19E3B9DC00DEA60A /* Resources */,
				D548DDB319E3A01E00A8785A /* Classes */,
				D5052E9219E39A0C00F7646A /* AppDelegate.h */,
				D5052E9319E39A0C00F7646A /* AppDelegate.m */,
				D5052E9B19E39A0C00F7646A /* Images.xcassets */,
				D5052E9819E39A0C00F7646A /* Main.storyboard */,
				D5052E9D19E39A0C00F7646A /* LaunchScreen.xib */,
				D5052E8E19E39A0C00F7646A /* Supporting Files */,
			);
			path = Paratips_iOS;
			sourceTree = "<group>";
		};
		D5052E8E19E39A0C00F7646A /* Supporting Files */ = {
			isa = PBXGroup;
			children = (
				D5052E8F19E39A0C00F7646A /* Info.plist */,
				D5052E9019E39A0C00F7646A /* main.m */,
			);
			name = "Supporting Files";
			sourceTree = "<group>";
		};
		D5052EA719E39A0C00F7646A /* Paratips_iOSTests */ = {
			isa = PBXGroup;
			children = (
				D5052EAA19E39A0C00F7646A /* Paratips_iOSTests.m */,
				D5052EA819E39A0C00F7646A /* Supporting Files */,
			);
			path = Paratips_iOSTests;
			sourceTree = "<group>";
		};
		D5052EA819E39A0C00F7646A /* Supporting Files */ = {
			isa = PBXGroup;
			children = (
				D5052EA919E39A0C00F7646A /* Info.plist */,
			);
			name = "Supporting Files";
			sourceTree = "<group>";
		};
		D543729619E7914100272F80 /* CoreAudio */ = {
			isa = PBXGroup;
			children = (
				D543729B19E7970500272F80 /* IPodLibrary */,
				D543729819E7914100272F80 /* PDCoreAudioViewController.h */,
				D543729919E7914100272F80 /* PDCoreAudioViewController.m */,
			);
			path = CoreAudio;
			sourceTree = "<group>";
		};
		D543729B19E7970500272F80 /* IPodLibrary */ = {
			isa = PBXGroup;
			children = (
				D543729C19E7970500272F80 /* PDIPodLibraryViewController.h */,
				D543729D19E7970500272F80 /* PDIPodLibraryViewController.m */,
			);
			path = IPodLibrary;
			sourceTree = "<group>";
		};
		D548DDB319E3A01E00A8785A /* Classes */ = {
			isa = PBXGroup;
			children = (
				D548DDB419E3A01E00A8785A /* ViewControllers */,
				D548DDB519E3A01E00A8785A /* PDMasterViewController.h */,
				D548DDB619E3A01E00A8785A /* PDMasterViewController.m */,
				D548DDBA19E3A01E00A8785A /* Views */,
			);
			path = Classes;
			sourceTree = "<group>";
		};
		D548DDB419E3A01E00A8785A /* ViewControllers */ = {
			isa = PBXGroup;
			children = (
				D543729619E7914100272F80 /* CoreAudio */,
				D548DDB719E3A01E00A8785A /* UIKit */,
			);
			path = ViewControllers;
			sourceTree = "<group>";
		};
		D548DDB719E3A01E00A8785A /* UIKit */ = {
			isa = PBXGroup;
			children = (
				D501ABB319E3AC9200DEA60A /* UITableView */,
				D548DDB819E3A01E00A8785A /* PDUIKitViewController.h */,
				D548DDB919E3A01E00A8785A /* PDUIKitViewController.m */,
			);
			path = UIKit;
			sourceTree = "<group>";
		};
		D548DDBA19E3A01E00A8785A /* Views */ = {
			isa = PBXGroup;
			children = (
			);
			path = Views;
			sourceTree = "<group>";
		};
/* End PBXGroup section */

/* Begin PBXNativeTarget section */
		D5052E8A19E39A0C00F7646A /* Paratips_iOS */ = {
			isa = PBXNativeTarget;
			buildConfigurationList = D5052EAE19E39A0C00F7646A /* Build configuration list for PBXNativeTarget "Paratips_iOS" */;
			buildPhases = (
				585C388166F35870896BA214 /* Check Pods Manifest.lock */,
				D5052E8719E39A0C00F7646A /* Sources */,
				D5052E8819E39A0C00F7646A /* Frameworks */,
				D5052E8919E39A0C00F7646A /* Resources */,
				0B47482C4FD5A672C82F95F8 /* Copy Pods Resources */,
			);
			buildRules = (
			);
			dependencies = (
			);
			name = Paratips_iOS;
			productName = Paratips_iOS;
			productReference = D5052E8B19E39A0C00F7646A /* Paratips_iOS.app */;
			productType = "com.apple.product-type.application";
		};
		D5052EA319E39A0C00F7646A /* Paratips_iOSTests */ = {
			isa = PBXNativeTarget;
			buildConfigurationList = D5052EB119E39A0C00F7646A /* Build configuration list for PBXNativeTarget "Paratips_iOSTests" */;
			buildPhases = (
				D5052EA019E39A0C00F7646A /* Sources */,
				D5052EA119E39A0C00F7646A /* Frameworks */,
				D5052EA219E39A0C00F7646A /* Resources */,
			);
			buildRules = (
			);
			dependencies = (
				D5052EA619E39A0C00F7646A /* PBXTargetDependency */,
			);
			name = Paratips_iOSTests;
			productName = Paratips_iOSTests;
			productReference = D5052EA419E39A0C00F7646A /* Paratips_iOSTests.xctest */;
			productType = "com.apple.product-type.bundle.unit-test";
		};
/* End PBXNativeTarget section */

/* Begin PBXProject section */
		D5052E8319E39A0B00F7646A /* Project object */ = {
			isa = PBXProject;
			attributes = {
				CLASSPREFIX = PD;
				LastUpgradeCheck = 0600;
				ORGANIZATIONNAME = Paradrops;
				TargetAttributes = {
					D5052E8A19E39A0C00F7646A = {
						CreatedOnToolsVersion = 6.0.1;
					};
					D5052EA319E39A0C00F7646A = {
						CreatedOnToolsVersion = 6.0.1;
						TestTargetID = D5052E8A19E39A0C00F7646A;
					};
				};
			};
			buildConfigurationList = D5052E8619E39A0B00F7646A /* Build configuration list for PBXProject "Paratips_iOS" */;
			compatibilityVersion = "Xcode 3.2";
			developmentRegion = English;
			hasScannedForEncodings = 0;
			knownRegions = (
				en,
				Base,
			);
			mainGroup = D5052E8219E39A0B00F7646A;
			productRefGroup = D5052E8C19E39A0C00F7646A /* Products */;
			projectDirPath = "";
			projectRoot = "";
			targets = (
				D5052E8A19E39A0C00F7646A /* Paratips_iOS */,
				D5052EA319E39A0C00F7646A /* Paratips_iOSTests */,
			);
		};
/* End PBXProject section */

/* Begin PBXResourcesBuildPhase section */
		D5052E8919E39A0C00F7646A /* Resources */ = {
			isa = PBXResourcesBuildPhase;
			buildActionMask = 2147483647;
			files = (
				D5052E9A19E39A0C00F7646A /* Main.storyboard in Resources */,
				D501ABC119E3B9DC00DEA60A /* Default-568h@2x.png in Resources */,
				D501ABC219E3B9DC00DEA60A /* Default@2x.png in Resources */,
				D5052E9F19E39A0C00F7646A /* LaunchScreen.xib in Resources */,
				D5052E9C19E39A0C00F7646A /* Images.xcassets in Resources */,
			);
			runOnlyForDeploymentPostprocessing = 0;
		};
		D5052EA219E39A0C00F7646A /* Resources */ = {
			isa = PBXResourcesBuildPhase;
			buildActionMask = 2147483647;
			files = (
			);
			runOnlyForDeploymentPostprocessing = 0;
		};
/* End PBXResourcesBuildPhase section */

/* Begin PBXShellScriptBuildPhase section */
		0B47482C4FD5A672C82F95F8 /* Copy Pods Resources */ = {
			isa = PBXShellScriptBuildPhase;
			buildActionMask = 2147483647;
			files = (
			);
			inputPaths = (
			);
			name = "Copy Pods Resources";
			outputPaths = (
			);
			runOnlyForDeploymentPostprocessing = 0;
			shellPath = /bin/sh;
			shellScript = "\"${SRCROOT}/Pods/Target Support Files/Pods/Pods-resources.sh\"\n";
			showEnvVarsInLog = 0;
		};
		585C388166F35870896BA214 /* Check Pods Manifest.lock */ = {
			isa = PBXShellScriptBuildPhase;
			buildActionMask = 2147483647;
			files = (
			);
			inputPaths = (
			);
			name = "Check Pods Manifest.lock";
			outputPaths = (
			);
			runOnlyForDeploymentPostprocessing = 0;
			shellPath = /bin/sh;
			shellScript = "diff \"${PODS_ROOT}/../Podfile.lock\" \"${PODS_ROOT}/Manifest.lock\" > /dev/null\nif [[ $? != 0 ]] ; then\n    cat << EOM\nerror: The sandbox is not in sync with the Podfile.lock. Run 'pod install' or update your CocoaPods installation.\nEOM\n    exit 1\nfi\n";
			showEnvVarsInLog = 0;
		};
/* End PBXShellScriptBuildPhase section */

/* Begin PBXSourcesBuildPhase section */
		D5052E8719E39A0C00F7646A /* Sources */ = {
			isa = PBXSourcesBuildPhase;
			buildActionMask = 2147483647;
			files = (
				D543729A19E7914100272F80 /* PDCoreAudioViewController.m in Sources */,
				D5052E9419E39A0C00F7646A /* AppDelegate.m in Sources */,
				D543729E19E7970500272F80 /* PDIPodLibraryViewController.m in Sources */,
				D548DDBC19E3A01E00A8785A /* PDUIKitViewController.m in Sources */,
				D501ABB619E3B07100DEA60A /* PDUITableViewController.m in Sources */,
				D548DDBB19E3A01E00A8785A /* PDMasterViewController.m in Sources */,
				D5052E9119E39A0C00F7646A /* main.m in Sources */,
			);
			runOnlyForDeploymentPostprocessing = 0;
		};
		D5052EA019E39A0C00F7646A /* Sources */ = {
			isa = PBXSourcesBuildPhase;
			buildActionMask = 2147483647;
			files = (
				D5052EAB19E39A0C00F7646A /* Paratips_iOSTests.m in Sources */,
			);
			runOnlyForDeploymentPostprocessing = 0;
		};
/* End PBXSourcesBuildPhase section */

/* Begin PBXTargetDependency section */
		D5052EA619E39A0C00F7646A /* PBXTargetDependency */ = {
			isa = PBXTargetDependency;
			target = D5052E8A19E39A0C00F7646A /* Paratips_iOS */;
			targetProxy = D5052EA519E39A0C00F7646A /* PBXContainerItemProxy */;
		};
/* End PBXTargetDependency section */

/* Begin PBXVariantGroup section */
		D5052E9819E39A0C00F7646A /* Main.storyboard */ = {
			isa = PBXVariantGroup;
			children = (
				D5052E9919E39A0C00F7646A /* Base */,
			);
			name = Main.storyboard;
			sourceTree = "<group>";
		};
		D5052E9D19E39A0C00F7646A /* LaunchScreen.xib */ = {
			isa = PBXVariantGroup;
			children = (
				D5052E9E19E39A0C00F7646A /* Base */,
			);
			name = LaunchScreen.xib;
			sourceTree = "<group>";
		};
/* End PBXVariantGroup section */

/* Begin XCBuildConfiguration section */
		D5052EAC19E39A0C00F7646A /* Debug */ = {
			isa = XCBuildConfiguration;
			buildSettings = {
				ALWAYS_SEARCH_USER_PATHS = NO;
				CLANG_CXX_LANGUAGE_STANDARD = "gnu++0x";
				CLANG_CXX_LIBRARY = "libc++";
				CLANG_ENABLE_MODULES = YES;
				CLANG_ENABLE_OBJC_ARC = YES;
				CLANG_WARN_BOOL_CONVERSION = YES;
				CLANG_WARN_CONSTANT_CONVERSION = YES;
				CLANG_WARN_DIRECT_OBJC_ISA_USAGE = YES_ERROR;
				CLANG_WARN_EMPTY_BODY = YES;
				CLANG_WARN_ENUM_CONVERSION = YES;
				CLANG_WARN_INT_CONVERSION = YES;
				CLANG_WARN_OBJC_ROOT_CLASS = YES_ERROR;
				CLANG_WARN_UNREACHABLE_CODE = YES;
				CLANG_WARN__DUPLICATE_METHOD_MATCH = YES;
				"CODE_SIGN_IDENTITY[sdk=iphoneos*]" = "iPhone Developer";
				COPY_PHASE_STRIP = NO;
				ENABLE_STRICT_OBJC_MSGSEND = YES;
				GCC_C_LANGUAGE_STANDARD = gnu99;
				GCC_DYNAMIC_NO_PIC = NO;
				GCC_OPTIMIZATION_LEVEL = 0;
				GCC_PREPROCESSOR_DEFINITIONS = (
					"DEBUG=1",
					"$(inherited)",
				);
				GCC_SYMBOLS_PRIVATE_EXTERN = NO;
				GCC_WARN_64_TO_32_BIT_CONVERSION = YES;
				GCC_WARN_ABOUT_RETURN_TYPE = YES_ERROR;
				GCC_WARN_UNDECLARED_SELECTOR = YES;
				GCC_WARN_UNINITIALIZED_AUTOS = YES_AGGRESSIVE;
				GCC_WARN_UNUSED_FUNCTION = YES;
				GCC_WARN_UNUSED_VARIABLE = YES;
				IPHONEOS_DEPLOYMENT_TARGET = 8.0;
				MTL_ENABLE_DEBUG_INFO = YES;
				ONLY_ACTIVE_ARCH = YES;
				SDKROOT = iphoneos;
			};
			name = Debug;
		};
		D5052EAD19E39A0C00F7646A /* Release */ = {
			isa = XCBuildConfiguration;
			buildSettings = {
				ALWAYS_SEARCH_USER_PATHS = NO;
				CLANG_CXX_LANGUAGE_STANDARD = "gnu++0x";
				CLANG_CXX_LIBRARY = "libc++";
				CLANG_ENABLE_MODULES = YES;
				CLANG_ENABLE_OBJC_ARC = YES;
				CLANG_WARN_BOOL_CONVERSION = YES;
				CLANG_WARN_CONSTANT_CONVERSION = YES;
				CLANG_WARN_DIRECT_OBJC_ISA_USAGE = YES_ERROR;
				CLANG_WARN_EMPTY_BODY = YES;
				CLANG_WARN_ENUM_CONVERSION = YES;
				CLANG_WARN_INT_CONVERSION = YES;
				CLANG_WARN_OBJC_ROOT_CLASS = YES_ERROR;
				CLANG_WARN_UNREACHABLE_CODE = YES;
				CLANG_WARN__DUPLICATE_METHOD_MATCH = YES;
				"CODE_SIGN_IDENTITY[sdk=iphoneos*]" = "iPhone Developer";
				COPY_PHASE_STRIP = YES;
				ENABLE_NS_ASSERTIONS = NO;
				ENABLE_STRICT_OBJC_MSGSEND = YES;
				GCC_C_LANGUAGE_STANDARD = gnu99;
				GCC_WARN_64_TO_32_BIT_CONVERSION = YES;
				GCC_WARN_ABOUT_RETURN_TYPE = YES_ERROR;
				GCC_WARN_UNDECLARED_SELECTOR = YES;
				GCC_WARN_UNINITIALIZED_AUTOS = YES_AGGRESSIVE;
				GCC_WARN_UNUSED_FUNCTION = YES;
				GCC_WARN_UNUSED_VARIABLE = YES;
				IPHONEOS_DEPLOYMENT_TARGET = 8.0;
				MTL_ENABLE_DEBUG_INFO = NO;
				SDKROOT = iphoneos;
				VALIDATE_PRODUCT = YES;
			};
			name = Release;
		};
		D5052EAF19E39A0C00F7646A /* Debug */ = {
			isa = XCBuildConfiguration;
			baseConfigurationReference = 6833C72C8096C441642FE1C8 /* Pods.debug.xcconfig */;
			buildSettings = {
				ASSETCATALOG_COMPILER_APPICON_NAME = AppIcon;
				ASSETCATALOG_COMPILER_LAUNCHIMAGE_NAME = LaunchImage;
				INFOPLIST_FILE = Paratips_iOS/Info.plist;
				IPHONEOS_DEPLOYMENT_TARGET = 8.0;
				LD_RUNPATH_SEARCH_PATHS = "$(inherited) @executable_path/Frameworks";
				PRODUCT_NAME = "$(TARGET_NAME)";
			};
			name = Debug;
		};
		D5052EB019E39A0C00F7646A /* Release */ = {
			isa = XCBuildConfiguration;
			baseConfigurationReference = D1054F2641942EE3F1B02B9B /* Pods.release.xcconfig */;
			buildSettings = {
				ASSETCATALOG_COMPILER_APPICON_NAME = AppIcon;
				ASSETCATALOG_COMPILER_LAUNCHIMAGE_NAME = LaunchImage;
				INFOPLIST_FILE = Paratips_iOS/Info.plist;
				IPHONEOS_DEPLOYMENT_TARGET = 8.0;
				LD_RUNPATH_SEARCH_PATHS = "$(inherited) @executable_path/Frameworks";
				PRODUCT_NAME = "$(TARGET_NAME)";
			};
			name = Release;
		};
		D5052EB219E39A0C00F7646A /* Debug */ = {
			isa = XCBuildConfiguration;
			buildSettings = {
				BUNDLE_LOADER = "$(TEST_HOST)";
				FRAMEWORK_SEARCH_PATHS = (
					"$(SDKROOT)/Developer/Library/Frameworks",
					"$(inherited)",
				);
				GCC_PREPROCESSOR_DEFINITIONS = (
					"DEBUG=1",
					"$(inherited)",
				);
				INFOPLIST_FILE = Paratips_iOSTests/Info.plist;
				LD_RUNPATH_SEARCH_PATHS = "$(inherited) @executable_path/Frameworks @loader_path/Frameworks";
				PRODUCT_NAME = "$(TARGET_NAME)";
				TEST_HOST = "$(BUILT_PRODUCTS_DIR)/Paratips_iOS.app/Paratips_iOS";
			};
			name = Debug;
		};
		D5052EB319E39A0C00F7646A /* Release */ = {
			isa = XCBuildConfiguration;
			buildSettings = {
				BUNDLE_LOADER = "$(TEST_HOST)";
				FRAMEWORK_SEARCH_PATHS = (
					"$(SDKROOT)/Developer/Library/Frameworks",
					"$(inherited)",
				);
				INFOPLIST_FILE = Paratips_iOSTests/Info.plist;
				LD_RUNPATH_SEARCH_PATHS = "$(inherited) @executable_path/Frameworks @loader_path/Frameworks";
				PRODUCT_NAME = "$(TARGET_NAME)";
				TEST_HOST = "$(BUILT_PRODUCTS_DIR)/Paratips_iOS.app/Paratips_iOS";
			};
			name = Release;
		};
/* End XCBuildConfiguration section */

/* Begin XCConfigurationList section */
		D5052E8619E39A0B00F7646A /* Build configuration list for PBXProject "Paratips_iOS" */ = {
			isa = XCConfigurationList;
			buildConfigurations = (
				D5052EAC19E39A0C00F7646A /* Debug */,
				D5052EAD19E39A0C00F7646A /* Release */,
			);
			defaultConfigurationIsVisible = 0;
			defaultConfigurationName = Release;
		};
		D5052EAE19E39A0C00F7646A /* Build configuration list for PBXNativeTarget "Paratips_iOS" */ = {
			isa = XCConfigurationList;
			buildConfigurations = (
				D5052EAF19E39A0C00F7646A /* Debug */,
				D5052EB019E39A0C00F7646A /* Release */,
			);
			defaultConfigurationIsVisible = 0;
			defaultConfigurationName = Release;
		};
		D5052EB119E39A0C00F7646A /* Build configuration list for PBXNativeTarget "Paratips_iOSTests" */ = {
			isa = XCConfigurationList;
			buildConfigurations = (
				D5052EB219E39A0C00F7646A /* Debug */,
				D5052EB319E39A0C00F7646A /* Release */,
			);
			defaultConfigurationIsVisible = 0;
			defaultConfigurationName = Release;
		};
/* End XCConfigurationList section */
	};
	rootObject = D5052E8319E39A0B00F7646A /* Project object */;
}
